
Microsoft Visual Studio Solution File, Format Version 12.00
# Visual Studio Version 16
VisualStudioVersion = 16.0.29920.165
MinimumVisualStudioVersion = 10.0.40219.1
Project("{8BC9CEB8-8B4A-11D0-8D11-00A0C91BC942}") = "Project", "Project\Project.vcxproj", "{3122D45B-8EAA-4D09-A9E5-0D349EDF7C3E}"
EndProject
Project("{2150E333-8FDC-42A3-9474-1A3956D46DE8}") = "Solution Items", "Solution Items", "{8BDCE89D-8CB4-4093-8ABB-6FFC2E1066B1}"
	ProjectSection(SolutionItems) = preProject
		..\..\TAM\main.cpp = ..\..\TAM\main.cpp
		snake.cpp = snake.cpp
		snake.h = snake.h
		source.cpp = source.cpp
		source.h = source.h
	EndProjectSection
EndProject
Global
	GlobalSection(SolutionConfigurationPlatforms) = preSolution
		Debug|x64 = Debug|x64
		Debug|x86 = Debug|x86
		Release|x64 = Release|x64
		Release|x86 = Release|x86
	EndGlobalSection
	GlobalSection(ProjectConfigurationPlatforms) = postSolution
		{3122D45B-8EAA-4D09-A9E5-0D349EDF7C3E}.Debug|x64.ActiveCfg = Debug|x64
		{3122D45B-8EAA-4D09-A9E5-0D349EDF7C3E}.Debug|x64.Build.0 = Debug|x64
		{3122D45B-8EAA-4D09-A9E5-0D349EDF7C3E}.Debug|x86.ActiveCfg = Debug|Win32
		{3122D45B-8EAA-4D09-A9E5-0D349EDF7C3E}.Debug|x86.Build.0 = Debug|Win32
		{3122D45B-8EAA-4D09-A9E5-0D349EDF7C3E}.Release|x64.ActiveCfg = Release|x64
		{3122D45B-8EAA-4D09-A9E5-0D349EDF7C3E}.Release|x64.Build.0 = Release|x64
		{3122D45B-8EAA-4D09-A9E5-0D349EDF7C3E}.Release|x86.ActiveCfg = Release|Win32
		{3122D45B-8EAA-4D09-A9E5-0D349EDF7C3E}.Release|x86.Build.0 = Release|Win32
	EndGlobalSection
	GlobalSection(SolutionProperties) = preSolution
		HideSolutionNode = FALSE
	EndGlobalSection
	GlobalSection(ExtensibilityGlobals) = postSolution
		SolutionGuid = {C8ED4978-A590-4AAE-827A-49CFC5B918E8}
	EndGlobalSection
EndGlobal
